
Microsoft Visual Studio Solution File, Format Version 12.00
# Visual Studio Version 17
VisualStudioVersion = 17.0.32112.339
MinimumVisualStudioVersion = 15.0.26124.0
Project("{9A19103F-16F7-4668-BE54-9A1E7A4F7556}") = "EnumSourceGen", "Src\EnumSourceGen\EnumSourceGen.csproj", "{D47FDDF9-B47A-411C-B6A0-F59A6C9555F6}"
EndProject
Project("{9A19103F-16F7-4668-BE54-9A1E7A4F7556}") = "EnumSourceGen.Examples", "Src\EnumSourceGen.Examples\EnumSourceGen.Examples.csproj", "{276D1EB6-57A2-4808-AC3F-DCC14E996C30}"
EndProject
Project("{9A19103F-16F7-4668-BE54-9A1E7A4F7556}") = "EnumSourceGen.Tests.CodeGen", "Src\EnumSourceGen.Tests.CodeGen\EnumSourceGen.Tests.CodeGen.csproj", "{24047F09-FAE0-4920-BFDB-0D8D3064B403}"
EndProject
Project("{2150E333-8FDC-42A3-9474-1A3956D46DE8}") = "_Items", "_Items", "{EF1D19B3-97F1-4504-95AB-BE249F5BF29A}"
	ProjectSection(SolutionItems) = preProject
		.gitattributes = .gitattributes
		.gitignore = .gitignore
		LICENSE.txt = LICENSE.txt
		README.md = README.md
	EndProjectSection
EndProject
Project("{FAE04EC0-301F-11D3-BF4B-00C04F79EFBC}") = "EnumSourceGen.Benchmarks", "Src\EnumSourceGen.Benchmarks\EnumSourceGen.Benchmarks.csproj", "{58EFED35-F40A-48C6-9138-EACC2848B43D}"
EndProject
Project("{2150E333-8FDC-42A3-9474-1A3956D46DE8}") = "_Imports", "_Imports", "{C17720CD-1FBA-4181-A15D-5E361643B534}"
EndProject
Project("{2150E333-8FDC-42A3-9474-1A3956D46DE8}") = "_Github", "_Github", "{9301EE8C-BC1F-4169-A4F6-629E904E1AFB}"
	ProjectSection(SolutionItems) = preProject
		.github\FUNDING.yml = .github\FUNDING.yml
	EndProjectSection
EndProject
Project("{2150E333-8FDC-42A3-9474-1A3956D46DE8}") = "IssueTemplates", "IssueTemplates", "{3DF56598-0F2D-4D4A-B4A9-18C1CAA0D6B0}"
	ProjectSection(SolutionItems) = preProject
		.github\ISSUE_TEMPLATE\bug_report.md = .github\ISSUE_TEMPLATE\bug_report.md
		.github\ISSUE_TEMPLATE\feature_request.md = .github\ISSUE_TEMPLATE\feature_request.md
	EndProjectSection
EndProject
Project("{2150E333-8FDC-42A3-9474-1A3956D46DE8}") = "Workflows", "Workflows", "{01EB71A8-87A4-410E-9AC9-8C0F0F6EA7BB}"
	ProjectSection(SolutionItems) = preProject
		.github\workflows\generic-build.yml = .github\workflows\generic-build.yml
		.github\workflows\nuget-release.yml = .github\workflows\nuget-release.yml
	EndProjectSection
EndProject
Project("{2150E333-8FDC-42A3-9474-1A3956D46DE8}") = "Local", "Local", "{008D0251-18C2-4B29-99BB-718EF8E7DC85}"
	ProjectSection(SolutionItems) = preProject
		Locals\Directory.Build.props = Locals\Directory.Build.props
		Locals\Library.props = Locals\Library.props
		Locals\Directory.Packages.props = Locals\Directory.Packages.props
		Locals\Tests.props = Locals\Tests.props
	EndProjectSection
EndProject
Project("{2150E333-8FDC-42A3-9474-1A3956D46DE8}") = "Managed", "Managed", "{A112EE96-0FDF-460B-9F35-F4A8608DE4CD}"
	ProjectSection(SolutionItems) = preProject
		Src\Directory.Build.targets = Src\Directory.Build.targets
		Src\Directory.Build.props = Src\Directory.Build.props
	EndProjectSection
EndProject
Project("{2150E333-8FDC-42A3-9474-1A3956D46DE8}") = "Packages", "Packages", "{28F1C9B8-268B-46C3-97B4-73CB90CD9E2A}"
	ProjectSection(SolutionItems) = preProject
		Src\Directory.Packages.props = Src\Directory.Packages.props
		Src\Directory.Packages.Analyzers.props = Src\Directory.Packages.Analyzers.props
	EndProjectSection
EndProject
Project("{2150E333-8FDC-42A3-9474-1A3956D46DE8}") = "Project", "Project", "{6A21A9F3-0DB5-48D1-9097-E2A327734844}"
	ProjectSection(SolutionItems) = preProject
		Imports\Application.props = Imports\Application.props
		Imports\Benchmarks.props = Imports\Benchmarks.props
		Imports\Examples.props = Imports\Examples.props
		Imports\Library.props = Imports\Library.props
		Imports\Tests.props = Imports\Tests.props
	EndProjectSection
EndProject
Project("{FAE04EC0-301F-11D3-BF4B-00C04F79EFBC}") = "EnumSourceGen.Tests.Functionality", "Src\EnumSourceGen.Tests.Functionality\EnumSourceGen.Tests.Functionality.csproj", "{0AC60E27-303B-4777-8FF5-7B0C86B94E00}"
EndProject
Global
	GlobalSection(SolutionConfigurationPlatforms) = preSolution
		Debug|Any CPU = Debug|Any CPU
		Debug|x64 = Debug|x64
		Debug|x86 = Debug|x86
		Release|Any CPU = Release|Any CPU
		Release|x64 = Release|x64
		Release|x86 = Release|x86
	EndGlobalSection
	GlobalSection(ProjectConfigurationPlatforms) = postSolution
		{D47FDDF9-B47A-411C-B6A0-F59A6C9555F6}.Debug|Any CPU.ActiveCfg = Debug|Any CPU
		{D47FDDF9-B47A-411C-B6A0-F59A6C9555F6}.Debug|Any CPU.Build.0 = Debug|Any CPU
		{D47FDDF9-B47A-411C-B6A0-F59A6C9555F6}.Debug|x64.ActiveCfg = Debug|Any CPU
		{D47FDDF9-B47A-411C-B6A0-F59A6C9555F6}.Debug|x64.Build.0 = Debug|Any CPU
		{D47FDDF9-B47A-411C-B6A0-F59A6C9555F6}.Debug|x86.ActiveCfg = Debug|Any CPU
		{D47FDDF9-B47A-411C-B6A0-F59A6C9555F6}.Debug|x86.Build.0 = Debug|Any CPU
		{D47FDDF9-B47A-411C-B6A0-F59A6C9555F6}.Release|Any CPU.ActiveCfg = Release|Any CPU
		{D47FDDF9-B47A-411C-B6A0-F59A6C9555F6}.Release|Any CPU.Build.0 = Release|Any CPU
		{D47FDDF9-B47A-411C-B6A0-F59A6C9555F6}.Release|x64.ActiveCfg = Release|Any CPU
		{D47FDDF9-B47A-411C-B6A0-F59A6C9555F6}.Release|x64.Build.0 = Release|Any CPU
		{D47FDDF9-B47A-411C-B6A0-F59A6C9555F6}.Release|x86.ActiveCfg = Release|Any CPU
		{D47FDDF9-B47A-411C-B6A0-F59A6C9555F6}.Release|x86.Build.0 = Release|Any CPU
		{276D1EB6-57A2-4808-AC3F-DCC14E996C30}.Debug|Any CPU.ActiveCfg = Debug|Any CPU
		{276D1EB6-57A2-4808-AC3F-DCC14E996C30}.Debug|Any CPU.Build.0 = Debug|Any CPU
		{276D1EB6-57A2-4808-AC3F-DCC14E996C30}.Debug|x64.ActiveCfg = Debug|Any CPU
		{276D1EB6-57A2-4808-AC3F-DCC14E996C30}.Debug|x64.Build.0 = Debug|Any CPU
		{276D1EB6-57A2-4808-AC3F-DCC14E996C30}.Debug|x86.ActiveCfg = Debug|Any CPU
		{276D1EB6-57A2-4808-AC3F-DCC14E996C30}.Debug|x86.Build.0 = Debug|Any CPU
		{276D1EB6-57A2-4808-AC3F-DCC14E996C30}.Release|Any CPU.ActiveCfg = Release|Any CPU
		{276D1EB6-57A2-4808-AC3F-DCC14E996C30}.Release|Any CPU.Build.0 = Release|Any CPU
		{276D1EB6-57A2-4808-AC3F-DCC14E996C30}.Release|x64.ActiveCfg = Release|Any CPU
		{276D1EB6-57A2-4808-AC3F-DCC14E996C30}.Release|x64.Build.0 = Release|Any CPU
		{276D1EB6-57A2-4808-AC3F-DCC14E996C30}.Release|x86.ActiveCfg = Release|Any CPU
		{276D1EB6-57A2-4808-AC3F-DCC14E996C30}.Release|x86.Build.0 = Release|Any CPU
		{24047F09-FAE0-4920-BFDB-0D8D3064B403}.Debug|Any CPU.ActiveCfg = Debug|Any CPU
		{24047F09-FAE0-4920-BFDB-0D8D3064B403}.Debug|Any CPU.Build.0 = Debug|Any CPU
		{24047F09-FAE0-4920-BFDB-0D8D3064B403}.Debug|x64.ActiveCfg = Debug|Any CPU
		{24047F09-FAE0-4920-BFDB-0D8D3064B403}.Debug|x64.Build.0 = Debug|Any CPU
		{24047F09-FAE0-4920-BFDB-0D8D3064B403}.Debug|x86.ActiveCfg = Debug|Any CPU
		{24047F09-FAE0-4920-BFDB-0D8D3064B403}.Debug|x86.Build.0 = Debug|Any CPU
		{24047F09-FAE0-4920-BFDB-0D8D3064B403}.Release|Any CPU.ActiveCfg = Release|Any CPU
		{24047F09-FAE0-4920-BFDB-0D8D3064B403}.Release|Any CPU.Build.0 = Release|Any CPU
		{24047F09-FAE0-4920-BFDB-0D8D3064B403}.Release|x64.ActiveCfg = Release|Any CPU
		{24047F09-FAE0-4920-BFDB-0D8D3064B403}.Release|x64.Build.0 = Release|Any CPU
		{24047F09-FAE0-4920-BFDB-0D8D3064B403}.Release|x86.ActiveCfg = Release|Any CPU
		{24047F09-FAE0-4920-BFDB-0D8D3064B403}.Release|x86.Build.0 = Release|Any CPU
		{58EFED35-F40A-48C6-9138-EACC2848B43D}.Debug|Any CPU.ActiveCfg = Debug|Any CPU
		{58EFED35-F40A-48C6-9138-EACC2848B43D}.Debug|Any CPU.Build.0 = Debug|Any CPU
		{58EFED35-F40A-48C6-9138-EACC2848B43D}.Debug|x64.ActiveCfg = Debug|Any CPU
		{58EFED35-F40A-48C6-9138-EACC2848B43D}.Debug|x64.Build.0 = Debug|Any CPU
		{58EFED35-F40A-48C6-9138-EACC2848B43D}.Debug|x86.ActiveCfg = Debug|Any CPU
		{58EFED35-F40A-48C6-9138-EACC2848B43D}.Debug|x86.Build.0 = Debug|Any CPU
		{58EFED35-F40A-48C6-9138-EACC2848B43D}.Release|Any CPU.ActiveCfg = Release|Any CPU
		{58EFED35-F40A-48C6-9138-EACC2848B43D}.Release|Any CPU.Build.0 = Release|Any CPU
		{58EFED35-F40A-48C6-9138-EACC2848B43D}.Release|x64.ActiveCfg = Release|Any CPU
		{58EFED35-F40A-48C6-9138-EACC2848B43D}.Release|x64.Build.0 = Release|Any CPU
		{58EFED35-F40A-48C6-9138-EACC2848B43D}.Release|x86.ActiveCfg = Release|Any CPU
		{58EFED35-F40A-48C6-9138-EACC2848B43D}.Release|x86.Build.0 = Release|Any CPU
		{0AC60E27-303B-4777-8FF5-7B0C86B94E00}.Debug|Any CPU.ActiveCfg = Debug|Any CPU
		{0AC60E27-303B-4777-8FF5-7B0C86B94E00}.Debug|Any CPU.Build.0 = Debug|Any CPU
		{0AC60E27-303B-4777-8FF5-7B0C86B94E00}.Debug|x64.ActiveCfg = Debug|Any CPU
		{0AC60E27-303B-4777-8FF5-7B0C86B94E00}.Debug|x64.Build.0 = Debug|Any CPU
		{0AC60E27-303B-4777-8FF5-7B0C86B94E00}.Debug|x86.ActiveCfg = Debug|Any CPU
		{0AC60E27-303B-4777-8FF5-7B0C86B94E00}.Debug|x86.Build.0 = Debug|Any CPU
		{0AC60E27-303B-4777-8FF5-7B0C86B94E00}.Release|Any CPU.ActiveCfg = Release|Any CPU
		{0AC60E27-303B-4777-8FF5-7B0C86B94E00}.Release|Any CPU.Build.0 = Release|Any CPU
		{0AC60E27-303B-4777-8FF5-7B0C86B94E00}.Release|x64.ActiveCfg = Release|Any CPU
		{0AC60E27-303B-4777-8FF5-7B0C86B94E00}.Release|x64.Build.0 = Release|Any CPU
		{0AC60E27-303B-4777-8FF5-7B0C86B94E00}.Release|x86.ActiveCfg = Release|Any CPU
		{0AC60E27-303B-4777-8FF5-7B0C86B94E00}.Release|x86.Build.0 = Release|Any CPU
	EndGlobalSection
	GlobalSection(SolutionProperties) = preSolution
		HideSolutionNode = FALSE
	EndGlobalSection
	GlobalSection(ExtensibilityGlobals) = postSolution
		SolutionGuid = {A9354605-C154-495A-B990-F6AB329CDE39}
	EndGlobalSection
	GlobalSection(NestedProjects) = preSolution
		{3DF56598-0F2D-4D4A-B4A9-18C1CAA0D6B0} = {9301EE8C-BC1F-4169-A4F6-629E904E1AFB}
		{01EB71A8-87A4-410E-9AC9-8C0F0F6EA7BB} = {9301EE8C-BC1F-4169-A4F6-629E904E1AFB}
		{008D0251-18C2-4B29-99BB-718EF8E7DC85} = {C17720CD-1FBA-4181-A15D-5E361643B534}
		{A112EE96-0FDF-460B-9F35-F4A8608DE4CD} = {C17720CD-1FBA-4181-A15D-5E361643B534}
		{28F1C9B8-268B-46C3-97B4-73CB90CD9E2A} = {A112EE96-0FDF-460B-9F35-F4A8608DE4CD}
		{6A21A9F3-0DB5-48D1-9097-E2A327734844} = {A112EE96-0FDF-460B-9F35-F4A8608DE4CD}
	EndGlobalSection
EndGlobal
